<Solution>
  <Project Path="Umbraco.Community.AiVisibility.Tests/Umbraco.Community.AiVisibility.Tests.csproj" />
  <Project Path="Umbraco.Community.AiVisibility.TestSite/Umbraco.Community.AiVisibility.TestSite.csproj" />
  <Project Path="Umbraco.Community.AiVisibility/Umbraco.Community.AiVisibility.csproj" />
</Solution>
